// !$*UTF8*$!
{
	archiveVersion = 1;
	classes = {
	};
	objectVersion = 50;
	objects = {

/* Begin PBXBuildFile section */
		159783832181824A000B89CA /* AppDelegate.swift in Sources */ = {isa = PBXBuildFile; fileRef = 159783822181824A000B89CA /* AppDelegate.swift */; };
		159783852181824A000B89CA /* ViewController.swift in Sources */ = {isa = PBXBuildFile; fileRef = 159783842181824A000B89CA /* ViewController.swift */; };
		159783882181824A000B89CA /* Main.storyboard in Resources */ = {isa = PBXBuildFile; fileRef = 159783862181824A000B89CA /* Main.storyboard */; };
		1597838A2181824C000B89CA /* Assets.xcassets in Resources */ = {isa = PBXBuildFile; fileRef = 159783892181824C000B89CA /* Assets.xcassets */; };
		1597838D2181824C000B89CA /* LaunchScreen.storyboard in Resources */ = {isa = PBXBuildFile; fileRef = 1597838B2181824C000B89CA /* LaunchScreen.storyboard */; };
		159783982181824C000B89CA /* TapBoosterTests.swift in Sources */ = {isa = PBXBuildFile; fileRef = 159783972181824C000B89CA /* TapBoosterTests.swift */; };
		159783A32181824C000B89CA /* TapBoosterUITests.swift in Sources */ = {isa = PBXBuildFile; fileRef = 159783A22181824C000B89CA /* TapBoosterUITests.swift */; };
		159783B32182D883000B89CA /* SingleplayerController.swift in Sources */ = {isa = PBXBuildFile; fileRef = 159783B22182D883000B89CA /* SingleplayerController.swift */; };
		942E3DCA21B1CE6C0032BCA1 /* arrow.png in Resources */ = {isa = PBXBuildFile; fileRef = 942E3DC821B1CE6C0032BCA1 /* arrow.png */; };
		942E3DCB21B1CE6C0032BCA1 /* target.png in Resources */ = {isa = PBXBuildFile; fileRef = 942E3DC921B1CE6C0032BCA1 /* target.png */; };
/* End PBXBuildFile section */

/* Begin PBXContainerItemProxy section */
		159783942181824C000B89CA /* PBXContainerItemProxy */ = {
			isa = PBXContainerItemProxy;
			containerPortal = 159783772181824A000B89CA /* Project object */;
			proxyType = 1;
			remoteGlobalIDString = 1597837E2181824A000B89CA;
			remoteInfo = TapBooster;
		};
		1597839F2181824C000B89CA /* PBXContainerItemProxy */ = {
			isa = PBXContainerItemProxy;
			containerPortal = 159783772181824A000B89CA /* Project object */;
			proxyType = 1;
			remoteGlobalIDString = 1597837E2181824A000B89CA;
			remoteInfo = TapBooster;
		};
/* End PBXContainerItemProxy section */

/* Begin PBXFileReference section */
		1597837F2181824A000B89CA /* TapBooster.app */ = {isa = PBXFileReference; explicitFileType = wrapper.application; includeInIndex = 0; path = TapBooster.app; sourceTree = BUILT_PRODUCTS_DIR; };
		159783822181824A000B89CA /* AppDelegate.swift */ = {isa = PBXFileReference; lastKnownFileType = sourcecode.swift; path = AppDelegate.swift; sourceTree = "<group>"; };
		159783842181824A000B89CA /* ViewController.swift */ = {isa = PBXFileReference; lastKnownFileType = sourcecode.swift; path = ViewController.swift; sourceTree = "<group>"; };
		159783872181824A000B89CA /* Base */ = {isa = PBXFileReference; lastKnownFileType = file.storyboard; name = Base; path = Base.lproj/Main.storyboard; sourceTree = "<group>"; };
		159783892181824C000B89CA /* Assets.xcassets */ = {isa = PBXFileReference; lastKnownFileType = folder.assetcatalog; path = Assets.xcassets; sourceTree = "<group>"; };
		1597838C2181824C000B89CA /* Base */ = {isa = PBXFileReference; lastKnownFileType = file.storyboard; name = Base; path = Base.lproj/LaunchScreen.storyboard; sourceTree = "<group>"; };
		1597838E2181824C000B89CA /* Info.plist */ = {isa = PBXFileReference; lastKnownFileType = text.plist.xml; path = Info.plist; sourceTree = "<group>"; };
		159783932181824C000B89CA /* TapBoosterTests.xctest */ = {isa = PBXFileReference; explicitFileType = wrapper.cfbundle; includeInIndex = 0; path = TapBoosterTests.xctest; sourceTree = BUILT_PRODUCTS_DIR; };
		159783972181824C000B89CA /* TapBoosterTests.swift */ = {isa = PBXFileReference; lastKnownFileType = sourcecode.swift; path = TapBoosterTests.swift; sourceTree = "<group>"; };
		159783992181824C000B89CA /* Info.plist */ = {isa = PBXFileReference; lastKnownFileType = text.plist.xml; path = Info.plist; sourceTree = "<group>"; };
		1597839E2181824C000B89CA /* TapBoosterUITests.xctest */ = {isa = PBXFileReference; explicitFileType = wrapper.cfbundle; includeInIndex = 0; path = TapBoosterUITests.xctest; sourceTree = BUILT_PRODUCTS_DIR; };
		159783A22181824C000B89CA /* TapBoosterUITests.swift */ = {isa = PBXFileReference; lastKnownFileType = sourcecode.swift; path = TapBoosterUITests.swift; sourceTree = "<group>"; };
		159783A42181824C000B89CA /* Info.plist */ = {isa = PBXFileReference; lastKnownFileType = text.plist.xml; path = Info.plist; sourceTree = "<group>"; };
		159783B22182D883000B89CA /* SingleplayerController.swift */ = {isa = PBXFileReference; lastKnownFileType = sourcecode.swift; path = SingleplayerController.swift; sourceTree = "<group>"; };
		942E3DC821B1CE6C0032BCA1 /* arrow.png */ = {isa = PBXFileReference; lastKnownFileType = image.png; path = arrow.png; sourceTree = "<group>"; };
		942E3DC921B1CE6C0032BCA1 /* target.png */ = {isa = PBXFileReference; lastKnownFileType = image.png; path = target.png; sourceTree = "<group>"; };
/* End PBXFileReference section */

/* Begin PBXFrameworksBuildPhase section */
		1597837C2181824A000B89CA /* Frameworks */ = {
			isa = PBXFrameworksBuildPhase;
			buildActionMask = 2147483647;
			files = (
			);
			runOnlyForDeploymentPostprocessing = 0;
		};
		159783902181824C000B89CA /* Frameworks */ = {
			isa = PBXFrameworksBuildPhase;
			buildActionMask = 2147483647;
			files = (
			);
			runOnlyForDeploymentPostprocessing = 0;
		};
		1597839B2181824C000B89CA /* Frameworks */ = {
			isa = PBXFrameworksBuildPhase;
			buildActionMask = 2147483647;
			files = (
			);
			runOnlyForDeploymentPostprocessing = 0;
		};
/* End PBXFrameworksBuildPhase section */

/* Begin PBXGroup section */
		159783762181824A000B89CA = {
			isa = PBXGroup;
			children = (
				159783812181824A000B89CA /* TapBooster */,
				159783962181824C000B89CA /* TapBoosterTests */,
				159783A12181824C000B89CA /* TapBoosterUITests */,
				159783802181824A000B89CA /* Products */,
			);
			sourceTree = "<group>";
		};
		159783802181824A000B89CA /* Products */ = {
			isa = PBXGroup;
			children = (
				1597837F2181824A000B89CA /* TapBooster.app */,
				159783932181824C000B89CA /* TapBoosterTests.xctest */,
				1597839E2181824C000B89CA /* TapBoosterUITests.xctest */,
			);
			name = Products;
			sourceTree = "<group>";
		};
		159783812181824A000B89CA /* TapBooster */ = {
			isa = PBXGroup;
			children = (
				942E3DC821B1CE6C0032BCA1 /* arrow.png */,
				942E3DC921B1CE6C0032BCA1 /* target.png */,
				159783B22182D883000B89CA /* SingleplayerController.swift */,
				159783822181824A000B89CA /* AppDelegate.swift */,
				159783842181824A000B89CA /* ViewController.swift */,
				159783862181824A000B89CA /* Main.storyboard */,
				159783892181824C000B89CA /* Assets.xcassets */,
				1597838B2181824C000B89CA /* LaunchScreen.storyboard */,
				1597838E2181824C000B89CA /* Info.plist */,
			);
			path = TapBooster;
			sourceTree = "<group>";
		};
		159783962181824C000B89CA /* TapBoosterTests */ = {
			isa = PBXGroup;
			children = (
				159783972181824C000B89CA /* TapBoosterTests.swift */,
				159783992181824C000B89CA /* Info.plist */,
			);
			path = TapBoosterTests;
			sourceTree = "<group>";
		};
		159783A12181824C000B89CA /* TapBoosterUITests */ = {
			isa = PBXGroup;
			children = (
				159783A22181824C000B89CA /* TapBoosterUITests.swift */,
				159783A42181824C000B89CA /* Info.plist */,
			);
			path = TapBoosterUITests;
			sourceTree = "<group>";
		};
/* End PBXGroup section */

/* Begin PBXNativeTarget section */
		1597837E2181824A000B89CA /* TapBooster */ = {
			isa = PBXNativeTarget;
			buildConfigurationList = 159783A72181824C000B89CA /* Build configuration list for PBXNativeTarget "TapBooster" */;
			buildPhases = (
				1597837B2181824A000B89CA /* Sources */,
				1597837C2181824A000B89CA /* Frameworks */,
				1597837D2181824A000B89CA /* Resources */,
			);
			buildRules = (
			);
			dependencies = (
			);
			name = TapBooster;
			productName = TapBooster;
			productReference = 1597837F2181824A000B89CA /* TapBooster.app */;
			productType = "com.apple.product-type.application";
		};
		159783922181824C000B89CA /* TapBoosterTests */ = {
			isa = PBXNativeTarget;
			buildConfigurationList = 159783AA2181824C000B89CA /* Build configuration list for PBXNativeTarget "TapBoosterTests" */;
			buildPhases = (
				1597838F2181824C000B89CA /* Sources */,
				159783902181824C000B89CA /* Frameworks */,
				159783912181824C000B89CA /* Resources */,
			);
			buildRules = (
			);
			dependencies = (
				159783952181824C000B89CA /* PBXTargetDependency */,
			);
			name = TapBoosterTests;
			productName = TapBoosterTests;
			productReference = 159783932181824C000B89CA /* TapBoosterTests.xctest */;
			productType = "com.apple.product-type.bundle.unit-test";
		};
		1597839D2181824C000B89CA /* TapBoosterUITests */ = {
			isa = PBXNativeTarget;
			buildConfigurationList = 159783AD2181824C000B89CA /* Build configuration list for PBXNativeTarget "TapBoosterUITests" */;
			buildPhases = (
				1597839A2181824C000B89CA /* Sources */,
				1597839B2181824C000B89CA /* Frameworks */,
				1597839C2181824C000B89CA /* Resources */,
			);
			buildRules = (
			);
			dependencies = (
				159783A02181824C000B89CA /* PBXTargetDependency */,
			);
			name = TapBoosterUITests;
			productName = TapBoosterUITests;
			productReference = 1597839E2181824C000B89CA /* TapBoosterUITests.xctest */;
			productType = "com.apple.product-type.bundle.ui-testing";
		};
/* End PBXNativeTarget section */

/* Begin PBXProject section */
		159783772181824A000B89CA /* Project object */ = {
			isa = PBXProject;
			attributes = {
				LastSwiftUpdateCheck = 1000;
				LastUpgradeCheck = 1000;
				ORGANIZATIONNAME = DrN;
				TargetAttributes = {
					1597837E2181824A000B89CA = {
						CreatedOnToolsVersion = 10.0;
					};
					159783922181824C000B89CA = {
						CreatedOnToolsVersion = 10.0;
						TestTargetID = 1597837E2181824A000B89CA;
					};
					1597839D2181824C000B89CA = {
						CreatedOnToolsVersion = 10.0;
						TestTargetID = 1597837E2181824A000B89CA;
					};
				};
			};
			buildConfigurationList = 1597837A2181824A000B89CA /* Build configuration list for PBXProject "TapBooster" */;
			compatibilityVersion = "Xcode 9.3";
			developmentRegion = en;
			hasScannedForEncodings = 0;
			knownRegions = (
				en,
				Base,
			);
			mainGroup = 159783762181824A000B89CA;
			productRefGroup = 159783802181824A000B89CA /* Products */;
			projectDirPath = "";
			projectRoot = "";
			targets = (
				1597837E2181824A000B89CA /* TapBooster */,
				159783922181824C000B89CA /* TapBoosterTests */,
				1597839D2181824C000B89CA /* TapBoosterUITests */,
			);
		};
/* End PBXProject section */

/* Begin PBXResourcesBuildPhase section */
		1597837D2181824A000B89CA /* Resources */ = {
			isa = PBXResourcesBuildPhase;
			buildActionMask = 2147483647;
			files = (
				1597838D2181824C000B89CA /* LaunchScreen.storyboard in Resources */,
				1597838A2181824C000B89CA /* Assets.xcassets in Resources */,
				159783882181824A000B89CA /* Main.storyboard in Resources */,
				942E3DCA21B1CE6C0032BCA1 /* arrow.png in Resources */,
				942E3DCB21B1CE6C0032BCA1 /* target.png in Resources */,
			);
			runOnlyForDeploymentPostprocessing = 0;
		};
		159783912181824C000B89CA /* Resources */ = {
			isa = PBXResourcesBuildPhase;
			buildActionMask = 2147483647;
			files = (
			);
			runOnlyForDeploymentPostprocessing = 0;
		};
		1597839C2181824C000B89CA /* Resources */ = {
			isa = PBXResourcesBuildPhase;
			buildActionMask = 2147483647;
			files = (
			);
			runOnlyForDeploymentPostprocessing = 0;
		};
/* End PBXResourcesBuildPhase section */

/* Begin PBXSourcesBuildPhase section */
		1597837B2181824A000B89CA /* Sources */ = {
			isa = PBXSourcesBuildPhase;
			buildActionMask = 2147483647;
			files = (
				159783852181824A000B89CA /* ViewController.swift in Sources */,
				159783832181824A000B89CA /* AppDelegate.swift in Sources */,
				159783B32182D883000B89CA /* SingleplayerController.swift in Sources */,
			);
			runOnlyForDeploymentPostprocessing = 0;
		};
		1597838F2181824C000B89CA /* Sources */ = {
			isa = PBXSourcesBuildPhase;
			buildActionMask = 2147483647;
			files = (
				159783982181824C000B89CA /* TapBoosterTests.swift in Sources */,
			);
			runOnlyForDeploymentPostprocessing = 0;
		};
		1597839A2181824C000B89CA /* Sources */ = {
			isa = PBXSourcesBuildPhase;
			buildActionMask = 2147483647;
			files = (
				159783A32181824C000B89CA /* TapBoosterUITests.swift in Sources */,
			);
			runOnlyForDeploymentPostprocessing = 0;
		};
/* End PBXSourcesBuildPhase section */

/* Begin PBXTargetDependency section */
		159783952181824C000B89CA /* PBXTargetDependency */ = {
			isa = PBXTargetDependency;
			target = 1597837E2181824A000B89CA /* TapBooster */;
			targetProxy = 159783942181824C000B89CA /* PBXContainerItemProxy */;
		};
		159783A02181824C000B89CA /* PBXTargetDependency */ = {
			isa = PBXTargetDependency;
			target = 1597837E2181824A000B89CA /* TapBooster */;
			targetProxy = 1597839F2181824C000B89CA /* PBXContainerItemProxy */;
		};
/* End PBXTargetDependency section */

/* Begin PBXVariantGroup section */
		159783862181824A000B89CA /* Main.storyboard */ = {
			isa = PBXVariantGroup;
			children = (
				159783872181824A000B89CA /* Base */,
			);
			name = Main.storyboard;
			sourceTree = "<group>";
		};
		1597838B2181824C000B89CA /* LaunchScreen.storyboard */ = {
			isa = PBXVariantGroup;
			children = (
				1597838C2181824C000B89CA /* Base */,
			);
			name = LaunchScreen.storyboard;
			sourceTree = "<group>";
		};
/* End PBXVariantGroup section */

/* Begin XCBuildConfiguration section */
		159783A52181824C000B89CA /* Debug */ = {
			isa = XCBuildConfiguration;
			buildSettings = {
				ALWAYS_SEARCH_USER_PATHS = NO;
				CLANG_ANALYZER_NONNULL = YES;
				CLANG_ANALYZER_NUMBER_OBJECT_CONVERSION = YES_AGGRESSIVE;
				CLANG_CXX_LANGUAGE_STANDARD = "gnu++14";
				CLANG_CXX_LIBRARY = "libc++";
				CLANG_ENABLE_MODULES = YES;
				CLANG_ENABLE_OBJC_ARC = YES;
				CLANG_ENABLE_OBJC_WEAK = YES;
				CLANG_WARN_BLOCK_CAPTURE_AUTORELEASING = YES;
				CLANG_WARN_BOOL_CONVERSION = YES;
				CLANG_WARN_COMMA = YES;
				CLANG_WARN_CONSTANT_CONVERSION = YES;
				CLANG_WARN_DEPRECATED_OBJC_IMPLEMENTATIONS = YES;
				CLANG_WARN_DIRECT_OBJC_ISA_USAGE = YES_ERROR;
				CLANG_WARN_DOCUMENTATION_COMMENTS = YES;
				CLANG_WARN_EMPTY_BODY = YES;
				CLANG_WARN_ENUM_CONVERSION = YES;
				CLANG_WARN_INFINITE_RECURSION = YES;
				CLANG_WARN_INT_CONVERSION = YES;
				CLANG_WARN_NON_LITERAL_NULL_CONVERSION = YES;
				CLANG_WARN_OBJC_IMPLICIT_RETAIN_SELF = YES;
				CLANG_WARN_OBJC_LITERAL_CONVERSION = YES;
				CLANG_WARN_OBJC_ROOT_CLASS = YES_ERROR;
				CLANG_WARN_RANGE_LOOP_ANALYSIS = YES;
				CLANG_WARN_STRICT_PROTOTYPES = YES;
				CLANG_WARN_SUSPICIOUS_MOVE = YES;
				CLANG_WARN_UNGUARDED_AVAILABILITY = YES_AGGRESSIVE;
				CLANG_WARN_UNREACHABLE_CODE = YES;
				CLANG_WARN__DUPLICATE_METHOD_MATCH = YES;
				CODE_SIGN_IDENTITY = "iPhone Developer";
				COPY_PHASE_STRIP = NO;
				DEBUG_INFORMATION_FORMAT = dwarf;
				ENABLE_STRICT_OBJC_MSGSEND = YES;
				ENABLE_TESTABILITY = YES;
				GCC_C_LANGUAGE_STANDARD = gnu11;
				GCC_DYNAMIC_NO_PIC = NO;
				GCC_NO_COMMON_BLOCKS = YES;
				GCC_OPTIMIZATION_LEVEL = 0;
				GCC_PREPROCESSOR_DEFINITIONS = (
					"DEBUG=1",
					"$(inherited)",
				);
				GCC_WARN_64_TO_32_BIT_CONVERSION = YES;
				GCC_WARN_ABOUT_RETURN_TYPE = YES_ERROR;
				GCC_WARN_UNDECLARED_SELECTOR = YES;
				GCC_WARN_UNINITIALIZED_AUTOS = YES_AGGRESSIVE;
				GCC_WARN_UNUSED_FUNCTION = YES;
				GCC_WARN_UNUSED_VARIABLE = YES;
				IPHONEOS_DEPLOYMENT_TARGET = 12.0;
				MTL_ENABLE_DEBUG_INFO = INCLUDE_SOURCE;
				MTL_FAST_MATH = YES;
				ONLY_ACTIVE_ARCH = YES;
				SDKROOT = iphoneos;
				SWIFT_ACTIVE_COMPILATION_CONDITIONS = DEBUG;
				SWIFT_OPTIMIZATION_LEVEL = "-Onone";
			};
			name = Debug;
		};
		159783A62181824C000B89CA /* Release */ = {
			isa = XCBuildConfiguration;
			buildSettings = {
				ALWAYS_SEARCH_USER_PATHS = NO;
				CLANG_ANALYZER_NONNULL = YES;
				CLANG_ANALYZER_NUMBER_OBJECT_CONVERSION = YES_AGGRESSIVE;
				CLANG_CXX_LANGUAGE_STANDARD = "gnu++14";
				CLANG_CXX_LIBRARY = "libc++";
				CLANG_ENABLE_MODULES = YES;
				CLANG_ENABLE_OBJC_ARC = YES;
				CLANG_ENABLE_OBJC_WEAK = YES;
				CLANG_WARN_BLOCK_CAPTURE_AUTORELEASING = YES;
				CLANG_WARN_BOOL_CONVERSION = YES;
				CLANG_WARN_COMMA = YES;
				CLANG_WARN_CONSTANT_CONVERSION = YES;
				CLANG_WARN_DEPRECATED_OBJC_IMPLEMENTATIONS = YES;
				CLANG_WARN_DIRECT_OBJC_ISA_USAGE = YES_ERROR;
				CLANG_WARN_DOCUMENTATION_COMMENTS = YES;
				CLANG_WARN_EMPTY_BODY = YES;
				CLANG_WARN_ENUM_CONVERSION = YES;
				CLANG_WARN_INFINITE_RECURSION = YES;
				CLANG_WARN_INT_CONVERSION = YES;
				CLANG_WARN_NON_LITERAL_NULL_CONVERSION = YES;
				CLANG_WARN_OBJC_IMPLICIT_RETAIN_SELF = YES;
				CLANG_WARN_OBJC_LITERAL_CONVERSION = YES;
				CLANG_WARN_OBJC_ROOT_CLASS = YES_ERROR;
				CLANG_WARN_RANGE_LOOP_ANALYSIS = YES;
				CLANG_WARN_STRICT_PROTOTYPES = YES;
				CLANG_WARN_SUSPICIOUS_MOVE = YES;
				CLANG_WARN_UNGUARDED_AVAILABILITY = YES_AGGRESSIVE;
				CLANG_WARN_UNREACHABLE_CODE = YES;
				CLANG_WARN__DUPLICATE_METHOD_MATCH = YES;
				CODE_SIGN_IDENTITY = "iPhone Developer";
				COPY_PHASE_STRIP = NO;
				DEBUG_INFORMATION_FORMAT = "dwarf-with-dsym";
				ENABLE_NS_ASSERTIONS = NO;
				ENABLE_STRICT_OBJC_MSGSEND = YES;
				GCC_C_LANGUAGE_STANDARD = gnu11;
				GCC_NO_COMMON_BLOCKS = YES;
				GCC_WARN_64_TO_32_BIT_CONVERSION = YES;
				GCC_WARN_ABOUT_RETURN_TYPE = YES_ERROR;
				GCC_WARN_UNDECLARED_SELECTOR = YES;
				GCC_WARN_UNINITIALIZED_AUTOS = YES_AGGRESSIVE;
				GCC_WARN_UNUSED_FUNCTION = YES;
				GCC_WARN_UNUSED_VARIABLE = YES;
				IPHONEOS_DEPLOYMENT_TARGET = 12.0;
				MTL_ENABLE_DEBUG_INFO = NO;
				MTL_FAST_MATH = YES;
				SDKROOT = iphoneos;
				SWIFT_COMPILATION_MODE = wholemodule;
				SWIFT_OPTIMIZATION_LEVEL = "-O";
				VALIDATE_PRODUCT = YES;
			};
			name = Release;
		};
		159783A82181824C000B89CA /* Debug */ = {
			isa = XCBuildConfiguration;
			buildSettings = {
				ASSETCATALOG_COMPILER_APPICON_NAME = AppIcon;
				CODE_SIGN_STYLE = Automatic;
				DEVELOPMENT_TEAM = GS4LLL3V9W;
				INFOPLIST_FILE = TapBooster/Info.plist;
				IPHONEOS_DEPLOYMENT_TARGET = 11.2;
				LD_RUNPATH_SEARCH_PATHS = (
					"$(inherited)",
					"@executable_path/Frameworks",
				);
				PRODUCT_BUNDLE_IDENTIFIER = DrN.TapBooster;
				PRODUCT_NAME = "$(TARGET_NAME)";
				SWIFT_VERSION = 4.2;
				TARGETED_DEVICE_FAMILY = "1,2";
			};
			name = Debug;
		};
		159783A92181824C000B89CA /* Release */ = {
			isa = XCBuildConfiguration;
			buildSettings = {
				ASSETCATALOG_COMPILER_APPICON_NAME = AppIcon;
				CODE_SIGN_STYLE = Automatic;
				DEVELOPMENT_TEAM = GS4LLL3V9W;
				INFOPLIST_FILE = TapBooster/Info.plist;
				IPHONEOS_DEPLOYMENT_TARGET = 11.2;
				LD_RUNPATH_SEARCH_PATHS = (
					"$(inherited)",
					"@executable_path/Frameworks",
				);
				PRODUCT_BUNDLE_IDENTIFIER = DrN.TapBooster;
				PRODUCT_NAME = "$(TARGET_NAME)";
				SWIFT_VERSION = 4.2;
				TARGETED_DEVICE_FAMILY = "1,2";
			};
			name = Release;
		};
		159783AB2181824C000B89CA /* Debug */ = {
			isa = XCBuildConfiguration;
			buildSettings = {
				ALWAYS_EMBED_SWIFT_STANDARD_LIBRARIES = YES;
				BUNDLE_LOADER = "$(TEST_HOST)";
				CODE_SIGN_STYLE = Automatic;
				INFOPLIST_FILE = TapBoosterTests/Info.plist;
				LD_RUNPATH_SEARCH_PATHS = (
					"$(inherited)",
					"@executable_path/Frameworks",
					"@loader_path/Frameworks",
				);
				PRODUCT_BUNDLE_IDENTIFIER = DrN.TapBoosterTests;
				PRODUCT_NAME = "$(TARGET_NAME)";
				SWIFT_VERSION = 4.2;
				TARGETED_DEVICE_FAMILY = "1,2";
				TEST_HOST = "$(BUILT_PRODUCTS_DIR)/TapBooster.app/TapBooster";
			};
			name = Debug;
		};
		159783AC2181824C000B89CA /* Release */ = {
			isa = XCBuildConfiguration;
			buildSettings = {
				ALWAYS_EMBED_SWIFT_STANDARD_LIBRARIES = YES;
				BUNDLE_LOADER = "$(TEST_HOST)";
				CODE_SIGN_STYLE = Automatic;
				INFOPLIST_FILE = TapBoosterTests/Info.plist;
				LD_RUNPATH_SEARCH_PATHS = (
					"$(inherited)",
					"@executable_path/Frameworks",
					"@loader_path/Frameworks",
				);
				PRODUCT_BUNDLE_IDENTIFIER = DrN.TapBoosterTests;
				PRODUCT_NAME = "$(TARGET_NAME)";
				SWIFT_VERSION = 4.2;
				TARGETED_DEVICE_FAMILY = "1,2";
				TEST_HOST = "$(BUILT_PRODUCTS_DIR)/TapBooster.app/TapBooster";
			};
			name = Release;
		};
		159783AE2181824C000B89CA /* Debug */ = {
			isa = XCBuildConfiguration;
			buildSettings = {
				ALWAYS_EMBED_SWIFT_STANDARD_LIBRARIES = YES;
				CODE_SIGN_STYLE = Automatic;
				INFOPLIST_FILE = TapBoosterUITests/Info.plist;
				LD_RUNPATH_SEARCH_PATHS = (
					"$(inherited)",
					"@executable_path/Frameworks",
					"@loader_path/Frameworks",
				);
				PRODUCT_BUNDLE_IDENTIFIER = DrN.TapBoosterUITests;
				PRODUCT_NAME = "$(TARGET_NAME)";
				SWIFT_VERSION = 4.2;
				TARGETED_DEVICE_FAMILY = "1,2";
				TEST_TARGET_NAME = TapBooster;
			};
			name = Debug;
		};
		159783AF2181824C000B89CA /* Release */ = {
			isa = XCBuildConfiguration;
			buildSettings = {
				ALWAYS_EMBED_SWIFT_STANDARD_LIBRARIES = YES;
				CODE_SIGN_STYLE = Automatic;
				INFOPLIST_FILE = TapBoosterUITests/Info.plist;
				LD_RUNPATH_SEARCH_PATHS = (
					"$(inherited)",
					"@executable_path/Frameworks",
					"@loader_path/Frameworks",
				);
				PRODUCT_BUNDLE_IDENTIFIER = DrN.TapBoosterUITests;
				PRODUCT_NAME = "$(TARGET_NAME)";
				SWIFT_VERSION = 4.2;
				TARGETED_DEVICE_FAMILY = "1,2";
				TEST_TARGET_NAME = TapBooster;
			};
			name = Release;
		};
/* End XCBuildConfiguration section */

/* Begin XCConfigurationList section */
		1597837A2181824A000B89CA /* Build configuration list for PBXProject "TapBooster" */ = {
			isa = XCConfigurationList;
			buildConfigurations = (
				159783A52181824C000B89CA /* Debug */,
				159783A62181824C000B89CA /* Release */,
			);
			defaultConfigurationIsVisible = 0;
			defaultConfigurationName = Release;
		};
		159783A72181824C000B89CA /* Build configuration list for PBXNativeTarget "TapBooster" */ = {
			isa = XCConfigurationList;
			buildConfigurations = (
				159783A82181824C000B89CA /* Debug */,
				159783A92181824C000B89CA /* Release */,
			);
			defaultConfigurationIsVisible = 0;
			defaultConfigurationName = Release;
		};
		159783AA2181824C000B89CA /* Build configuration list for PBXNativeTarget "TapBoosterTests" */ = {
			isa = XCConfigurationList;
			buildConfigurations = (
				159783AB2181824C000B89CA /* Debug */,
				159783AC2181824C000B89CA /* Release */,
			);
			defaultConfigurationIsVisible = 0;
			defaultConfigurationName = Release;
		};
		159783AD2181824C000B89CA /* Build configuration list for PBXNativeTarget "TapBoosterUITests" */ = {
			isa = XCConfigurationList;
			buildConfigurations = (
				159783AE2181824C000B89CA /* Debug */,
				159783AF2181824C000B89CA /* Release */,
			);
			defaultConfigurationIsVisible = 0;
			defaultConfigurationName = Release;
		};
/* End XCConfigurationList section */
	};
	rootObject = 159783772181824A000B89CA /* Project object */;
}
